
Microsoft Visual Studio Solution File, Format Version 12.00
# Visual Studio Version 17
VisualStudioVersion = 17.1.32319.34
MinimumVisualStudioVersion = 10.0.40219.1
Project("{FAE04EC0-301F-11D3-BF4B-00C04F79EFBC}") = "Leason2", "Leason2.csproj", "{475C2548-590C-4AEF-8A9A-E9C372753CF4}"
EndProject
Global
	GlobalSection(SolutionConfigurationPlatforms) = preSolution
		Debug|Any CPU = Debug|Any CPU
		Release|Any CPU = Release|Any CPU
	EndGlobalSection
	GlobalSection(ProjectConfigurationPlatforms) = postSolution
		{475C2548-590C-4AEF-8A9A-E9C372753CF4}.Debug|Any CPU.ActiveCfg = Debug|Any CPU
		{475C2548-590C-4AEF-8A9A-E9C372753CF4}.Debug|Any CPU.Build.0 = Debug|Any CPU
		{475C2548-590C-4AEF-8A9A-E9C372753CF4}.Release|Any CPU.ActiveCfg = Release|Any CPU
		{475C2548-590C-4AEF-8A9A-E9C372753CF4}.Release|Any CPU.Build.0 = Release|Any CPU
	EndGlobalSection
	GlobalSection(SolutionProperties) = preSolution
		HideSolutionNode = FALSE
	EndGlobalSection
	GlobalSection(ExtensibilityGlobals) = postSolution
		SolutionGuid = {6907E7CF-24C9-4F43-A935-8268308B47CA}
	EndGlobalSection
EndGlobal
