
Microsoft Visual Studio Solution File, Format Version 12.00
# Visual Studio Version 17
VisualStudioVersion = 17.1.32228.430
MinimumVisualStudioVersion = 10.0.40219.1
Project("{FAE04EC0-301F-11D3-BF4B-00C04F79EFBC}") = "Lesson5", "Lesson5.csproj", "{39F3BCC8-3880-419B-B621-7EC9AD135870}"
EndProject
Global
	GlobalSection(SolutionConfigurationPlatforms) = preSolution
		Debug|Any CPU = Debug|Any CPU
		Release|Any CPU = Release|Any CPU
	EndGlobalSection
	GlobalSection(ProjectConfigurationPlatforms) = postSolution
		{39F3BCC8-3880-419B-B621-7EC9AD135870}.Debug|Any CPU.ActiveCfg = Debug|Any CPU
		{39F3BCC8-3880-419B-B621-7EC9AD135870}.Debug|Any CPU.Build.0 = Debug|Any CPU
		{39F3BCC8-3880-419B-B621-7EC9AD135870}.Release|Any CPU.ActiveCfg = Release|Any CPU
		{39F3BCC8-3880-419B-B621-7EC9AD135870}.Release|Any CPU.Build.0 = Release|Any CPU
	EndGlobalSection
	GlobalSection(SolutionProperties) = preSolution
		HideSolutionNode = FALSE
	EndGlobalSection
	GlobalSection(ExtensibilityGlobals) = postSolution
		SolutionGuid = {35F9A9DF-BE1B-4E15-8E37-61E3C1BDA943}
	EndGlobalSection
EndGlobal
